// !$*UTF8*$!
{
	archiveVersion = 1;
	classes = {
	};
	objectVersion = 77;
	objects = {

/* Begin PBXBuildFile section */
		0F3581E52D50596300574AE0 /* GooglePlaces in Frameworks */ = {isa = PBXBuildFile; productRef = 0F3581E42D50596300574AE0 /* GooglePlaces */; };
		0F3581E72D50596300574AE0 /* GooglePlacesSwift in Frameworks */ = {isa = PBXBuildFile; productRef = 0F3581E62D50596300574AE0 /* GooglePlacesSwift */; };
		0F82DF7C2D95E5BC00220BD7 /* ServiceAccount.json in Resources */ = {isa = PBXBuildFile; fileRef = 0F82DF7B2D95E5BC00220BD7 /* ServiceAccount.json */; };
		0F82DF7D2D95E5BC00220BD7 /* ServiceAccount.json in Resources */ = {isa = PBXBuildFile; fileRef = 0F82DF7B2D95E5BC00220BD7 /* ServiceAccount.json */; };
		0F82DF7E2D95E5BC00220BD7 /* ServiceAccount.json in Resources */ = {isa = PBXBuildFile; fileRef = 0F82DF7B2D95E5BC00220BD7 /* ServiceAccount.json */; };
		0FDC23862D58727200CB988D /* SwiftJWT in Frameworks */ = {isa = PBXBuildFile; productRef = 0FDC23852D58727200CB988D /* SwiftJWT */; };
		0FECB1A42D73AF0D00E30333 /* FirebaseAnalytics in Frameworks */ = {isa = PBXBuildFile; productRef = 0FECB1A32D73AF0D00E30333 /* FirebaseAnalytics */; };
		0FECB1A62D73AF0D00E30333 /* FirebaseAnalyticsOnDeviceConversion in Frameworks */ = {isa = PBXBuildFile; productRef = 0FECB1A52D73AF0D00E30333 /* FirebaseAnalyticsOnDeviceConversion */; };
		0FECB1A82D73AF0D00E30333 /* FirebaseAnalyticsWithoutAdIdSupport in Frameworks */ = {isa = PBXBuildFile; productRef = 0FECB1A72D73AF0D00E30333 /* FirebaseAnalyticsWithoutAdIdSupport */; };
		0FECB1AA2D73AF0D00E30333 /* FirebaseAppCheck in Frameworks */ = {isa = PBXBuildFile; productRef = 0FECB1A92D73AF0D00E30333 /* FirebaseAppCheck */; };
		0FECB1AC2D73AF0D00E30333 /* FirebaseAppDistribution-Beta in Frameworks */ = {isa = PBXBuildFile; productRef = 0FECB1AB2D73AF0D00E30333 /* FirebaseAppDistribution-Beta */; };
		0FECB1AE2D73AF0D00E30333 /* FirebaseAuth in Frameworks */ = {isa = PBXBuildFile; productRef = 0FECB1AD2D73AF0D00E30333 /* FirebaseAuth */; };
		0FECB1B02D73AF0D00E30333 /* FirebaseAuthCombine-Community in Frameworks */ = {isa = PBXBuildFile; productRef = 0FECB1AF2D73AF0D00E30333 /* FirebaseAuthCombine-Community */; };
		0FECB1B22D73AF0D00E30333 /* FirebaseCore in Frameworks */ = {isa = PBXBuildFile; productRef = 0FECB1B12D73AF0D00E30333 /* FirebaseCore */; };
		0FECB1B42D73AF0D00E30333 /* FirebaseCrashlytics in Frameworks */ = {isa = PBXBuildFile; productRef = 0FECB1B32D73AF0D00E30333 /* FirebaseCrashlytics */; };
		0FECB1B62D73AF0D00E30333 /* FirebaseDatabase in Frameworks */ = {isa = PBXBuildFile; productRef = 0FECB1B52D73AF0D00E30333 /* FirebaseDatabase */; };
		0FECB1B82D73AF0D00E30333 /* FirebaseDynamicLinks in Frameworks */ = {isa = PBXBuildFile; productRef = 0FECB1B72D73AF0D00E30333 /* FirebaseDynamicLinks */; };
		0FECB1BA2D73AF0D00E30333 /* FirebaseFirestore in Frameworks */ = {isa = PBXBuildFile; productRef = 0FECB1B92D73AF0D00E30333 /* FirebaseFirestore */; };
		0FECB1BC2D73AF0D00E30333 /* FirebaseFirestoreCombine-Community in Frameworks */ = {isa = PBXBuildFile; productRef = 0FECB1BB2D73AF0D00E30333 /* FirebaseFirestoreCombine-Community */; };
		0FECB1BE2D73AF0D00E30333 /* FirebaseFunctions in Frameworks */ = {isa = PBXBuildFile; productRef = 0FECB1BD2D73AF0D00E30333 /* FirebaseFunctions */; };
		0FECB1C02D73AF0D00E30333 /* FirebaseFunctionsCombine-Community in Frameworks */ = {isa = PBXBuildFile; productRef = 0FECB1BF2D73AF0D00E30333 /* FirebaseFunctionsCombine-Community */; };
		0FECB1C22D73AF0D00E30333 /* FirebaseInAppMessaging-Beta in Frameworks */ = {isa = PBXBuildFile; productRef = 0FECB1C12D73AF0D00E30333 /* FirebaseInAppMessaging-Beta */; };
		0FECB1C42D73AF0D00E30333 /* FirebaseInstallations in Frameworks */ = {isa = PBXBuildFile; productRef = 0FECB1C32D73AF0D00E30333 /* FirebaseInstallations */; };
		0FECB1C62D73AF0D00E30333 /* FirebaseMLModelDownloader in Frameworks */ = {isa = PBXBuildFile; productRef = 0FECB1C52D73AF0D00E30333 /* FirebaseMLModelDownloader */; };
		0FECB1C82D73AF0D00E30333 /* FirebaseMessaging in Frameworks */ = {isa = PBXBuildFile; productRef = 0FECB1C72D73AF0D00E30333 /* FirebaseMessaging */; };
		0FECB1CA2D73AF0D00E30333 /* FirebasePerformance in Frameworks */ = {isa = PBXBuildFile; productRef = 0FECB1C92D73AF0D00E30333 /* FirebasePerformance */; };
		0FECB1CC2D73AF0D00E30333 /* FirebaseRemoteConfig in Frameworks */ = {isa = PBXBuildFile; productRef = 0FECB1CB2D73AF0D00E30333 /* FirebaseRemoteConfig */; };
		0FECB1CE2D73AF0D00E30333 /* FirebaseStorage in Frameworks */ = {isa = PBXBuildFile; productRef = 0FECB1CD2D73AF0D00E30333 /* FirebaseStorage */; };
		0FECB1D02D73AF0D00E30333 /* FirebaseStorageCombine-Community in Frameworks */ = {isa = PBXBuildFile; productRef = 0FECB1CF2D73AF0D00E30333 /* FirebaseStorageCombine-Community */; };
		0FECB1D22D73AF0D00E30333 /* FirebaseVertexAI in Frameworks */ = {isa = PBXBuildFile; productRef = 0FECB1D12D73AF0D00E30333 /* FirebaseVertexAI */; };
/* End PBXBuildFile section */

/* Begin PBXContainerItemProxy section */
		0FA2AE922D4B122E0030AE83 /* PBXContainerItemProxy */ = {
			isa = PBXContainerItemProxy;
			containerPortal = 0FA2AE742D4B122D0030AE83 /* Project object */;
			proxyType = 1;
			remoteGlobalIDString = 0FA2AE7B2D4B122D0030AE83;
			remoteInfo = UMSS;
		};
		0FA2AE9C2D4B122E0030AE83 /* PBXContainerItemProxy */ = {
			isa = PBXContainerItemProxy;
			containerPortal = 0FA2AE742D4B122D0030AE83 /* Project object */;
			proxyType = 1;
			remoteGlobalIDString = 0FA2AE7B2D4B122D0030AE83;
			remoteInfo = UMSS;
		};
/* End PBXContainerItemProxy section */

/* Begin PBXFileReference section */
		0F82DF7B2D95E5BC00220BD7 /* ServiceAccount.json */ = {isa = PBXFileReference; lastKnownFileType = text.json; path = ServiceAccount.json; sourceTree = "<group>"; };
		0FA2AE7C2D4B122D0030AE83 /* UMSS.app */ = {isa = PBXFileReference; explicitFileType = wrapper.application; includeInIndex = 0; path = UMSS.app; sourceTree = BUILT_PRODUCTS_DIR; };
		0FA2AE912D4B122E0030AE83 /* UMSSTests.xctest */ = {isa = PBXFileReference; explicitFileType = wrapper.cfbundle; includeInIndex = 0; path = UMSSTests.xctest; sourceTree = BUILT_PRODUCTS_DIR; };
		0FA2AE9B2D4B122E0030AE83 /* UMSSUITests.xctest */ = {isa = PBXFileReference; explicitFileType = wrapper.cfbundle; includeInIndex = 0; path = UMSSUITests.xctest; sourceTree = BUILT_PRODUCTS_DIR; };
/* End PBXFileReference section */

/* Begin PBXFileSystemSynchronizedRootGroup section */
		0F2C1B5E2D61599300839099 /* UMSS */ = {
			isa = PBXFileSystemSynchronizedRootGroup;
			path = UMSS;
			sourceTree = "<group>";
		};
		0FA2AE942D4B122E0030AE83 /* UMSSTests */ = {
			isa = PBXFileSystemSynchronizedRootGroup;
			path = UMSSTests;
			sourceTree = "<group>";
		};
		0FA2AE9E2D4B122E0030AE83 /* UMSSUITests */ = {
			isa = PBXFileSystemSynchronizedRootGroup;
			path = UMSSUITests;
			sourceTree = "<group>";
		};
/* End PBXFileSystemSynchronizedRootGroup section */

/* Begin PBXFrameworksBuildPhase section */
		0FA2AE792D4B122D0030AE83 /* Frameworks */ = {
			isa = PBXFrameworksBuildPhase;
			buildActionMask = 2147483647;
			files = (
				0FECB1BE2D73AF0D00E30333 /* FirebaseFunctions in Frameworks */,
				0FECB1B62D73AF0D00E30333 /* FirebaseDatabase in Frameworks */,
				0F3581E52D50596300574AE0 /* GooglePlaces in Frameworks */,
				0FECB1CE2D73AF0D00E30333 /* FirebaseStorage in Frameworks */,
				0FECB1A82D73AF0D00E30333 /* FirebaseAnalyticsWithoutAdIdSupport in Frameworks */,
				0FECB1B22D73AF0D00E30333 /* FirebaseCore in Frameworks */,
				0F3581E72D50596300574AE0 /* GooglePlacesSwift in Frameworks */,
				0FECB1C62D73AF0D00E30333 /* FirebaseMLModelDownloader in Frameworks */,
				0FECB1B82D73AF0D00E30333 /* FirebaseDynamicLinks in Frameworks */,
				0FECB1A62D73AF0D00E30333 /* FirebaseAnalyticsOnDeviceConversion in Frameworks */,
				0FECB1AE2D73AF0D00E30333 /* FirebaseAuth in Frameworks */,
				0FECB1BA2D73AF0D00E30333 /* FirebaseFirestore in Frameworks */,
				0FECB1BC2D73AF0D00E30333 /* FirebaseFirestoreCombine-Community in Frameworks */,
				0FECB1D22D73AF0D00E30333 /* FirebaseVertexAI in Frameworks */,
				0FECB1C22D73AF0D00E30333 /* FirebaseInAppMessaging-Beta in Frameworks */,
				0FECB1C02D73AF0D00E30333 /* FirebaseFunctionsCombine-Community in Frameworks */,
				0FECB1AA2D73AF0D00E30333 /* FirebaseAppCheck in Frameworks */,
				0FECB1D02D73AF0D00E30333 /* FirebaseStorageCombine-Community in Frameworks */,
				0FECB1CC2D73AF0D00E30333 /* FirebaseRemoteConfig in Frameworks */,
				0FECB1A42D73AF0D00E30333 /* FirebaseAnalytics in Frameworks */,
				0FDC23862D58727200CB988D /* SwiftJWT in Frameworks */,
				0FECB1CA2D73AF0D00E30333 /* FirebasePerformance in Frameworks */,
				0FECB1B42D73AF0D00E30333 /* FirebaseCrashlytics in Frameworks */,
				0FECB1AC2D73AF0D00E30333 /* FirebaseAppDistribution-Beta in Frameworks */,
				0FECB1B02D73AF0D00E30333 /* FirebaseAuthCombine-Community in Frameworks */,
				0FECB1C82D73AF0D00E30333 /* FirebaseMessaging in Frameworks */,
				0FECB1C42D73AF0D00E30333 /* FirebaseInstallations in Frameworks */,
			);
			runOnlyForDeploymentPostprocessing = 0;
		};
		0FA2AE8E2D4B122E0030AE83 /* Frameworks */ = {
			isa = PBXFrameworksBuildPhase;
			buildActionMask = 2147483647;
			files = (
			);
			runOnlyForDeploymentPostprocessing = 0;
		};
		0FA2AE982D4B122E0030AE83 /* Frameworks */ = {
			isa = PBXFrameworksBuildPhase;
			buildActionMask = 2147483647;
			files = (
			);
			runOnlyForDeploymentPostprocessing = 0;
		};
/* End PBXFrameworksBuildPhase section */

/* Begin PBXGroup section */
		0FA2AE732D4B122D0030AE83 = {
			isa = PBXGroup;
			children = (
				0F82DF7B2D95E5BC00220BD7 /* ServiceAccount.json */,
				0F2C1B5E2D61599300839099 /* UMSS */,
				0FA2AE942D4B122E0030AE83 /* UMSSTests */,
				0FA2AE9E2D4B122E0030AE83 /* UMSSUITests */,
				0FA2AE7D2D4B122D0030AE83 /* Products */,
			);
			sourceTree = "<group>";
		};
		0FA2AE7D2D4B122D0030AE83 /* Products */ = {
			isa = PBXGroup;
			children = (
				0FA2AE7C2D4B122D0030AE83 /* UMSS.app */,
				0FA2AE912D4B122E0030AE83 /* UMSSTests.xctest */,
				0FA2AE9B2D4B122E0030AE83 /* UMSSUITests.xctest */,
			);
			name = Products;
			sourceTree = "<group>";
		};
/* End PBXGroup section */

/* Begin PBXNativeTarget section */
		0FA2AE7B2D4B122D0030AE83 /* UMSS */ = {
			isa = PBXNativeTarget;
			buildConfigurationList = 0FA2AEA52D4B122E0030AE83 /* Build configuration list for PBXNativeTarget "UMSS" */;
			buildPhases = (
				0FA2AE782D4B122D0030AE83 /* Sources */,
				0FA2AE792D4B122D0030AE83 /* Frameworks */,
				0FA2AE7A2D4B122D0030AE83 /* Resources */,
			);
			buildRules = (
			);
			dependencies = (
			);
			fileSystemSynchronizedGroups = (
				0F2C1B5E2D61599300839099 /* UMSS */,
			);
			name = UMSS;
			packageProductDependencies = (
				0F3581E42D50596300574AE0 /* GooglePlaces */,
				0F3581E62D50596300574AE0 /* GooglePlacesSwift */,
				0FDC23852D58727200CB988D /* SwiftJWT */,
				0FECB1A32D73AF0D00E30333 /* FirebaseAnalytics */,
				0FECB1A52D73AF0D00E30333 /* FirebaseAnalyticsOnDeviceConversion */,
				0FECB1A72D73AF0D00E30333 /* FirebaseAnalyticsWithoutAdIdSupport */,
				0FECB1A92D73AF0D00E30333 /* FirebaseAppCheck */,
				0FECB1AB2D73AF0D00E30333 /* FirebaseAppDistribution-Beta */,
				0FECB1AD2D73AF0D00E30333 /* FirebaseAuth */,
				0FECB1AF2D73AF0D00E30333 /* FirebaseAuthCombine-Community */,
				0FECB1B12D73AF0D00E30333 /* FirebaseCore */,
				0FECB1B32D73AF0D00E30333 /* FirebaseCrashlytics */,
				0FECB1B52D73AF0D00E30333 /* FirebaseDatabase */,
				0FECB1B72D73AF0D00E30333 /* FirebaseDynamicLinks */,
				0FECB1B92D73AF0D00E30333 /* FirebaseFirestore */,
				0FECB1BB2D73AF0D00E30333 /* FirebaseFirestoreCombine-Community */,
				0FECB1BD2D73AF0D00E30333 /* FirebaseFunctions */,
				0FECB1BF2D73AF0D00E30333 /* FirebaseFunctionsCombine-Community */,
				0FECB1C12D73AF0D00E30333 /* FirebaseInAppMessaging-Beta */,
				0FECB1C32D73AF0D00E30333 /* FirebaseInstallations */,
				0FECB1C52D73AF0D00E30333 /* FirebaseMLModelDownloader */,
				0FECB1C72D73AF0D00E30333 /* FirebaseMessaging */,
				0FECB1C92D73AF0D00E30333 /* FirebasePerformance */,
				0FECB1CB2D73AF0D00E30333 /* FirebaseRemoteConfig */,
				0FECB1CD2D73AF0D00E30333 /* FirebaseStorage */,
				0FECB1CF2D73AF0D00E30333 /* FirebaseStorageCombine-Community */,
				0FECB1D12D73AF0D00E30333 /* FirebaseVertexAI */,
			);
			productName = UMSS;
			productReference = 0FA2AE7C2D4B122D0030AE83 /* UMSS.app */;
			productType = "com.apple.product-type.application";
		};
		0FA2AE902D4B122E0030AE83 /* UMSSTests */ = {
			isa = PBXNativeTarget;
			buildConfigurationList = 0FA2AEA82D4B122E0030AE83 /* Build configuration list for PBXNativeTarget "UMSSTests" */;
			buildPhases = (
				0FA2AE8D2D4B122E0030AE83 /* Sources */,
				0FA2AE8E2D4B122E0030AE83 /* Frameworks */,
				0FA2AE8F2D4B122E0030AE83 /* Resources */,
			);
			buildRules = (
			);
			dependencies = (
				0FA2AE932D4B122E0030AE83 /* PBXTargetDependency */,
			);
			fileSystemSynchronizedGroups = (
				0FA2AE942D4B122E0030AE83 /* UMSSTests */,
			);
			name = UMSSTests;
			packageProductDependencies = (
			);
			productName = UMSSTests;
			productReference = 0FA2AE912D4B122E0030AE83 /* UMSSTests.xctest */;
			productType = "com.apple.product-type.bundle.unit-test";
		};
		0FA2AE9A2D4B122E0030AE83 /* UMSSUITests */ = {
			isa = PBXNativeTarget;
			buildConfigurationList = 0FA2AEAB2D4B122E0030AE83 /* Build configuration list for PBXNativeTarget "UMSSUITests" */;
			buildPhases = (
				0FA2AE972D4B122E0030AE83 /* Sources */,
				0FA2AE982D4B122E0030AE83 /* Frameworks */,
				0FA2AE992D4B122E0030AE83 /* Resources */,
			);
			buildRules = (
			);
			dependencies = (
				0FA2AE9D2D4B122E0030AE83 /* PBXTargetDependency */,
			);
			fileSystemSynchronizedGroups = (
				0FA2AE9E2D4B122E0030AE83 /* UMSSUITests */,
			);
			name = UMSSUITests;
			packageProductDependencies = (
			);
			productName = UMSSUITests;
			productReference = 0FA2AE9B2D4B122E0030AE83 /* UMSSUITests.xctest */;
			productType = "com.apple.product-type.bundle.ui-testing";
		};
/* End PBXNativeTarget section */

/* Begin PBXProject section */
		0FA2AE742D4B122D0030AE83 /* Project object */ = {
			isa = PBXProject;
			attributes = {
				BuildIndependentTargetsInParallel = 1;
				LastSwiftUpdateCheck = 1600;
				LastUpgradeCheck = 1600;
				TargetAttributes = {
					0FA2AE7B2D4B122D0030AE83 = {
						CreatedOnToolsVersion = 16.0;
					};
					0FA2AE902D4B122E0030AE83 = {
						CreatedOnToolsVersion = 16.0;
						TestTargetID = 0FA2AE7B2D4B122D0030AE83;
					};
					0FA2AE9A2D4B122E0030AE83 = {
						CreatedOnToolsVersion = 16.0;
						TestTargetID = 0FA2AE7B2D4B122D0030AE83;
					};
				};
			};
			buildConfigurationList = 0FA2AE772D4B122D0030AE83 /* Build configuration list for PBXProject "UMSS" */;
			developmentRegion = en;
			hasScannedForEncodings = 0;
			knownRegions = (
				en,
				Base,
			);
			mainGroup = 0FA2AE732D4B122D0030AE83;
			minimizedProjectReferenceProxies = 1;
			packageReferences = (
				0F95E5C62D50540E00CFC294 /* XCRemoteSwiftPackageReference "ios-places-sdk" */,
				0FDC23842D58727200CB988D /* XCRemoteSwiftPackageReference "Swift-JWT" */,
				0FECB1A22D73AF0D00E30333 /* XCRemoteSwiftPackageReference "firebase-ios-sdk" */,
			);
			preferredProjectObjectVersion = 77;
			productRefGroup = 0FA2AE7D2D4B122D0030AE83 /* Products */;
			projectDirPath = "";
			projectRoot = "";
			targets = (
				0FA2AE7B2D4B122D0030AE83 /* UMSS */,
				0FA2AE902D4B122E0030AE83 /* UMSSTests */,
				0FA2AE9A2D4B122E0030AE83 /* UMSSUITests */,
			);
		};
/* End PBXProject section */

/* Begin PBXResourcesBuildPhase section */
		0FA2AE7A2D4B122D0030AE83 /* Resources */ = {
			isa = PBXResourcesBuildPhase;
			buildActionMask = 2147483647;
			files = (
				0F82DF7E2D95E5BC00220BD7 /* ServiceAccount.json in Resources */,
			);
			runOnlyForDeploymentPostprocessing = 0;
		};
		0FA2AE8F2D4B122E0030AE83 /* Resources */ = {
			isa = PBXResourcesBuildPhase;
			buildActionMask = 2147483647;
			files = (
				0F82DF7D2D95E5BC00220BD7 /* ServiceAccount.json in Resources */,
			);
			runOnlyForDeploymentPostprocessing = 0;
		};
		0FA2AE992D4B122E0030AE83 /* Resources */ = {
			isa = PBXResourcesBuildPhase;
			buildActionMask = 2147483647;
			files = (
				0F82DF7C2D95E5BC00220BD7 /* ServiceAccount.json in Resources */,
			);
			runOnlyForDeploymentPostprocessing = 0;
		};
/* End PBXResourcesBuildPhase section */

/* Begin PBXSourcesBuildPhase section */
		0FA2AE782D4B122D0030AE83 /* Sources */ = {
			isa = PBXSourcesBuildPhase;
			buildActionMask = 2147483647;
			files = (
			);
			runOnlyForDeploymentPostprocessing = 0;
		};
		0FA2AE8D2D4B122E0030AE83 /* Sources */ = {
			isa = PBXSourcesBuildPhase;
			buildActionMask = 2147483647;
			files = (
			);
			runOnlyForDeploymentPostprocessing = 0;
		};
		0FA2AE972D4B122E0030AE83 /* Sources */ = {
			isa = PBXSourcesBuildPhase;
			buildActionMask = 2147483647;
			files = (
			);
			runOnlyForDeploymentPostprocessing = 0;
		};
/* End PBXSourcesBuildPhase section */

/* Begin PBXTargetDependency section */
		0FA2AE932D4B122E0030AE83 /* PBXTargetDependency */ = {
			isa = PBXTargetDependency;
			target = 0FA2AE7B2D4B122D0030AE83 /* UMSS */;
			targetProxy = 0FA2AE922D4B122E0030AE83 /* PBXContainerItemProxy */;
		};
		0FA2AE9D2D4B122E0030AE83 /* PBXTargetDependency */ = {
			isa = PBXTargetDependency;
			target = 0FA2AE7B2D4B122D0030AE83 /* UMSS */;
			targetProxy = 0FA2AE9C2D4B122E0030AE83 /* PBXContainerItemProxy */;
		};
/* End PBXTargetDependency section */

/* Begin XCBuildConfiguration section */
		0FA2AEA32D4B122E0030AE83 /* Debug */ = {
			isa = XCBuildConfiguration;
			buildSettings = {
				ALWAYS_SEARCH_USER_PATHS = NO;
				ASSETCATALOG_COMPILER_GENERATE_SWIFT_ASSET_SYMBOL_EXTENSIONS = YES;
				CLANG_ANALYZER_NONNULL = YES;
				CLANG_ANALYZER_NUMBER_OBJECT_CONVERSION = YES_AGGRESSIVE;
				CLANG_CXX_LANGUAGE_STANDARD = "gnu++20";
				CLANG_ENABLE_MODULES = YES;
				CLANG_ENABLE_OBJC_ARC = YES;
				CLANG_ENABLE_OBJC_WEAK = YES;
				CLANG_WARN_BLOCK_CAPTURE_AUTORELEASING = YES;
				CLANG_WARN_BOOL_CONVERSION = YES;
				CLANG_WARN_COMMA = YES;
				CLANG_WARN_CONSTANT_CONVERSION = YES;
				CLANG_WARN_DEPRECATED_OBJC_IMPLEMENTATIONS = YES;
				CLANG_WARN_DIRECT_OBJC_ISA_USAGE = YES_ERROR;
				CLANG_WARN_DOCUMENTATION_COMMENTS = YES;
				CLANG_WARN_EMPTY_BODY = YES;
				CLANG_WARN_ENUM_CONVERSION = YES;
				CLANG_WARN_INFINITE_RECURSION = YES;
				CLANG_WARN_INT_CONVERSION = YES;
				CLANG_WARN_NON_LITERAL_NULL_CONVERSION = YES;
				CLANG_WARN_OBJC_IMPLICIT_RETAIN_SELF = YES;
				CLANG_WARN_OBJC_LITERAL_CONVERSION = YES;
				CLANG_WARN_OBJC_ROOT_CLASS = YES_ERROR;
				CLANG_WARN_QUOTED_INCLUDE_IN_FRAMEWORK_HEADER = YES;
				CLANG_WARN_RANGE_LOOP_ANALYSIS = YES;
				CLANG_WARN_STRICT_PROTOTYPES = YES;
				CLANG_WARN_SUSPICIOUS_MOVE = YES;
				CLANG_WARN_UNGUARDED_AVAILABILITY = YES_AGGRESSIVE;
				CLANG_WARN_UNREACHABLE_CODE = YES;
				CLANG_WARN__DUPLICATE_METHOD_MATCH = YES;
				COPY_PHASE_STRIP = NO;
				DEBUG_INFORMATION_FORMAT = dwarf;
				ENABLE_STRICT_OBJC_MSGSEND = YES;
				ENABLE_TESTABILITY = YES;
				ENABLE_USER_SCRIPT_SANDBOXING = YES;
				GCC_C_LANGUAGE_STANDARD = gnu17;
				GCC_DYNAMIC_NO_PIC = NO;
				GCC_NO_COMMON_BLOCKS = YES;
				GCC_OPTIMIZATION_LEVEL = 0;
				GCC_PREPROCESSOR_DEFINITIONS = (
					"DEBUG=1",
					"$(inherited)",
				);
				GCC_WARN_64_TO_32_BIT_CONVERSION = YES;
				GCC_WARN_ABOUT_RETURN_TYPE = YES_ERROR;
				GCC_WARN_UNDECLARED_SELECTOR = YES;
				GCC_WARN_UNINITIALIZED_AUTOS = YES_AGGRESSIVE;
				GCC_WARN_UNUSED_FUNCTION = YES;
				GCC_WARN_UNUSED_VARIABLE = YES;
				IPHONEOS_DEPLOYMENT_TARGET = 18.0;
				LOCALIZATION_PREFERS_STRING_CATALOGS = YES;
				MTL_ENABLE_DEBUG_INFO = INCLUDE_SOURCE;
				MTL_FAST_MATH = YES;
				ONLY_ACTIVE_ARCH = YES;
				SDKROOT = iphoneos;
				SWIFT_ACTIVE_COMPILATION_CONDITIONS = "DEBUG $(inherited)";
				SWIFT_OPTIMIZATION_LEVEL = "-Onone";
			};
			name = Debug;
		};
		0FA2AEA42D4B122E0030AE83 /* Release */ = {
			isa = XCBuildConfiguration;
			buildSettings = {
				ALWAYS_SEARCH_USER_PATHS = NO;
				ASSETCATALOG_COMPILER_GENERATE_SWIFT_ASSET_SYMBOL_EXTENSIONS = YES;
				CLANG_ANALYZER_NONNULL = YES;
				CLANG_ANALYZER_NUMBER_OBJECT_CONVERSION = YES_AGGRESSIVE;
				CLANG_CXX_LANGUAGE_STANDARD = "gnu++20";
				CLANG_ENABLE_MODULES = YES;
				CLANG_ENABLE_OBJC_ARC = YES;
				CLANG_ENABLE_OBJC_WEAK = YES;
				CLANG_WARN_BLOCK_CAPTURE_AUTORELEASING = YES;
				CLANG_WARN_BOOL_CONVERSION = YES;
				CLANG_WARN_COMMA = YES;
				CLANG_WARN_CONSTANT_CONVERSION = YES;
				CLANG_WARN_DEPRECATED_OBJC_IMPLEMENTATIONS = YES;
				CLANG_WARN_DIRECT_OBJC_ISA_USAGE = YES_ERROR;
				CLANG_WARN_DOCUMENTATION_COMMENTS = YES;
				CLANG_WARN_EMPTY_BODY = YES;
				CLANG_WARN_ENUM_CONVERSION = YES;
				CLANG_WARN_INFINITE_RECURSION = YES;
				CLANG_WARN_INT_CONVERSION = YES;
				CLANG_WARN_NON_LITERAL_NULL_CONVERSION = YES;
				CLANG_WARN_OBJC_IMPLICIT_RETAIN_SELF = YES;
				CLANG_WARN_OBJC_LITERAL_CONVERSION = YES;
				CLANG_WARN_OBJC_ROOT_CLASS = YES_ERROR;
				CLANG_WARN_QUOTED_INCLUDE_IN_FRAMEWORK_HEADER = YES;
				CLANG_WARN_RANGE_LOOP_ANALYSIS = YES;
				CLANG_WARN_STRICT_PROTOTYPES = YES;
				CLANG_WARN_SUSPICIOUS_MOVE = YES;
				CLANG_WARN_UNGUARDED_AVAILABILITY = YES_AGGRESSIVE;
				CLANG_WARN_UNREACHABLE_CODE = YES;
				CLANG_WARN__DUPLICATE_METHOD_MATCH = YES;
				COPY_PHASE_STRIP = NO;
				DEBUG_INFORMATION_FORMAT = "dwarf-with-dsym";
				ENABLE_NS_ASSERTIONS = NO;
				ENABLE_STRICT_OBJC_MSGSEND = YES;
				ENABLE_USER_SCRIPT_SANDBOXING = YES;
				GCC_C_LANGUAGE_STANDARD = gnu17;
				GCC_NO_COMMON_BLOCKS = YES;
				GCC_WARN_64_TO_32_BIT_CONVERSION = YES;
				GCC_WARN_ABOUT_RETURN_TYPE = YES_ERROR;
				GCC_WARN_UNDECLARED_SELECTOR = YES;
				GCC_WARN_UNINITIALIZED_AUTOS = YES_AGGRESSIVE;
				GCC_WARN_UNUSED_FUNCTION = YES;
				GCC_WARN_UNUSED_VARIABLE = YES;
				IPHONEOS_DEPLOYMENT_TARGET = 18.0;
				LOCALIZATION_PREFERS_STRING_CATALOGS = YES;
				MTL_ENABLE_DEBUG_INFO = NO;
				MTL_FAST_MATH = YES;
				SDKROOT = iphoneos;
				SWIFT_COMPILATION_MODE = wholemodule;
				VALIDATE_PRODUCT = YES;
			};
			name = Release;
		};
		0FA2AEA62D4B122E0030AE83 /* Debug */ = {
			isa = XCBuildConfiguration;
			buildSettings = {
				ASSETCATALOG_COMPILER_APPICON_NAME = AppIcon;
				ASSETCATALOG_COMPILER_GLOBAL_ACCENT_COLOR_NAME = AccentColor;
				CODE_SIGN_STYLE = Automatic;
				CURRENT_PROJECT_VERSION = 1;
				DEVELOPMENT_ASSET_PATHS = "";
				DEVELOPMENT_TEAM = 25KZS6954U;
				ENABLE_PREVIEWS = YES;
				GENERATE_INFOPLIST_FILE = YES;
				INFOPLIST_KEY_UIApplicationSceneManifest_Generation = YES;
				INFOPLIST_KEY_UIApplicationSupportsIndirectInputEvents = YES;
				INFOPLIST_KEY_UILaunchScreen_Generation = YES;
				INFOPLIST_KEY_UISupportedInterfaceOrientations_iPad = "UIInterfaceOrientationPortrait UIInterfaceOrientationPortraitUpsideDown UIInterfaceOrientationLandscapeLeft UIInterfaceOrientationLandscapeRight";
				INFOPLIST_KEY_UISupportedInterfaceOrientations_iPhone = "UIInterfaceOrientationPortrait UIInterfaceOrientationLandscapeLeft UIInterfaceOrientationLandscapeRight";
				IPHONEOS_DEPLOYMENT_TARGET = 16.6;
				LD_RUNPATH_SEARCH_PATHS = (
					"$(inherited)",
					"@executable_path/Frameworks",
				);
				MARKETING_VERSION = 1.0;
				PRODUCT_BUNDLE_IDENTIFIER = "Omar-Syed.UMSS";
				PRODUCT_NAME = "$(TARGET_NAME)";
				SWIFT_EMIT_LOC_STRINGS = YES;
				SWIFT_VERSION = 5.0;
				TARGETED_DEVICE_FAMILY = "1,2";
			};
			name = Debug;
		};
		0FA2AEA72D4B122E0030AE83 /* Release */ = {
			isa = XCBuildConfiguration;
			buildSettings = {
				ASSETCATALOG_COMPILER_APPICON_NAME = AppIcon;
				ASSETCATALOG_COMPILER_GLOBAL_ACCENT_COLOR_NAME = AccentColor;
				CODE_SIGN_STYLE = Automatic;
				CURRENT_PROJECT_VERSION = 1;
				DEVELOPMENT_ASSET_PATHS = "";
				DEVELOPMENT_TEAM = 25KZS6954U;
				ENABLE_PREVIEWS = YES;
				GENERATE_INFOPLIST_FILE = YES;
				INFOPLIST_KEY_UIApplicationSceneManifest_Generation = YES;
				INFOPLIST_KEY_UIApplicationSupportsIndirectInputEvents = YES;
				INFOPLIST_KEY_UILaunchScreen_Generation = YES;
				INFOPLIST_KEY_UISupportedInterfaceOrientations_iPad = "UIInterfaceOrientationPortrait UIInterfaceOrientationPortraitUpsideDown UIInterfaceOrientationLandscapeLeft UIInterfaceOrientationLandscapeRight";
				INFOPLIST_KEY_UISupportedInterfaceOrientations_iPhone = "UIInterfaceOrientationPortrait UIInterfaceOrientationLandscapeLeft UIInterfaceOrientationLandscapeRight";
				IPHONEOS_DEPLOYMENT_TARGET = 16.6;
				LD_RUNPATH_SEARCH_PATHS = (
					"$(inherited)",
					"@executable_path/Frameworks",
				);
				MARKETING_VERSION = 1.0;
				PRODUCT_BUNDLE_IDENTIFIER = "Omar-Syed.UMSS";
				PRODUCT_NAME = "$(TARGET_NAME)";
				SWIFT_EMIT_LOC_STRINGS = YES;
				SWIFT_VERSION = 5.0;
				TARGETED_DEVICE_FAMILY = "1,2";
			};
			name = Release;
		};
		0FA2AEA92D4B122E0030AE83 /* Debug */ = {
			isa = XCBuildConfiguration;
			buildSettings = {
				BUNDLE_LOADER = "$(TEST_HOST)";
				CODE_SIGN_STYLE = Automatic;
				CURRENT_PROJECT_VERSION = 1;
				DEVELOPMENT_TEAM = 25KZS6954U;
				GENERATE_INFOPLIST_FILE = YES;
				IPHONEOS_DEPLOYMENT_TARGET = 18.0;
				MARKETING_VERSION = 1.0;
				PRODUCT_BUNDLE_IDENTIFIER = "Omar-Syed.UMSSTests";
				PRODUCT_NAME = "$(TARGET_NAME)";
				SWIFT_EMIT_LOC_STRINGS = NO;
				SWIFT_VERSION = 5.0;
				TARGETED_DEVICE_FAMILY = "1,2";
				TEST_HOST = "$(BUILT_PRODUCTS_DIR)/UMSS.app/$(BUNDLE_EXECUTABLE_FOLDER_PATH)/UMSS";
			};
			name = Debug;
		};
		0FA2AEAA2D4B122E0030AE83 /* Release */ = {
			isa = XCBuildConfiguration;
			buildSettings = {
				BUNDLE_LOADER = "$(TEST_HOST)";
				CODE_SIGN_STYLE = Automatic;
				CURRENT_PROJECT_VERSION = 1;
				DEVELOPMENT_TEAM = 25KZS6954U;
				GENERATE_INFOPLIST_FILE = YES;
				IPHONEOS_DEPLOYMENT_TARGET = 18.0;
				MARKETING_VERSION = 1.0;
				PRODUCT_BUNDLE_IDENTIFIER = "Omar-Syed.UMSSTests";
				PRODUCT_NAME = "$(TARGET_NAME)";
				SWIFT_EMIT_LOC_STRINGS = NO;
				SWIFT_VERSION = 5.0;
				TARGETED_DEVICE_FAMILY = "1,2";
				TEST_HOST = "$(BUILT_PRODUCTS_DIR)/UMSS.app/$(BUNDLE_EXECUTABLE_FOLDER_PATH)/UMSS";
			};
			name = Release;
		};
		0FA2AEAC2D4B122E0030AE83 /* Debug */ = {
			isa = XCBuildConfiguration;
			buildSettings = {
				CODE_SIGN_STYLE = Automatic;
				CURRENT_PROJECT_VERSION = 1;
				DEVELOPMENT_TEAM = 25KZS6954U;
				GENERATE_INFOPLIST_FILE = YES;
				MARKETING_VERSION = 1.0;
				PRODUCT_BUNDLE_IDENTIFIER = "Omar-Syed.UMSSUITests";
				PRODUCT_NAME = "$(TARGET_NAME)";
				SWIFT_EMIT_LOC_STRINGS = NO;
				SWIFT_VERSION = 5.0;
				TARGETED_DEVICE_FAMILY = "1,2";
				TEST_TARGET_NAME = UMSS;
			};
			name = Debug;
		};
		0FA2AEAD2D4B122E0030AE83 /* Release */ = {
			isa = XCBuildConfiguration;
			buildSettings = {
				CODE_SIGN_STYLE = Automatic;
				CURRENT_PROJECT_VERSION = 1;
				DEVELOPMENT_TEAM = 25KZS6954U;
				GENERATE_INFOPLIST_FILE = YES;
				MARKETING_VERSION = 1.0;
				PRODUCT_BUNDLE_IDENTIFIER = "Omar-Syed.UMSSUITests";
				PRODUCT_NAME = "$(TARGET_NAME)";
				SWIFT_EMIT_LOC_STRINGS = NO;
				SWIFT_VERSION = 5.0;
				TARGETED_DEVICE_FAMILY = "1,2";
				TEST_TARGET_NAME = UMSS;
			};
			name = Release;
		};
/* End XCBuildConfiguration section */

/* Begin XCConfigurationList section */
		0FA2AE772D4B122D0030AE83 /* Build configuration list for PBXProject "UMSS" */ = {
			isa = XCConfigurationList;
			buildConfigurations = (
				0FA2AEA32D4B122E0030AE83 /* Debug */,
				0FA2AEA42D4B122E0030AE83 /* Release */,
			);
			defaultConfigurationIsVisible = 0;
			defaultConfigurationName = Release;
		};
		0FA2AEA52D4B122E0030AE83 /* Build configuration list for PBXNativeTarget "UMSS" */ = {
			isa = XCConfigurationList;
			buildConfigurations = (
				0FA2AEA62D4B122E0030AE83 /* Debug */,
				0FA2AEA72D4B122E0030AE83 /* Release */,
			);
			defaultConfigurationIsVisible = 0;
			defaultConfigurationName = Release;
		};
		0FA2AEA82D4B122E0030AE83 /* Build configuration list for PBXNativeTarget "UMSSTests" */ = {
			isa = XCConfigurationList;
			buildConfigurations = (
				0FA2AEA92D4B122E0030AE83 /* Debug */,
				0FA2AEAA2D4B122E0030AE83 /* Release */,
			);
			defaultConfigurationIsVisible = 0;
			defaultConfigurationName = Release;
		};
		0FA2AEAB2D4B122E0030AE83 /* Build configuration list for PBXNativeTarget "UMSSUITests" */ = {
			isa = XCConfigurationList;
			buildConfigurations = (
				0FA2AEAC2D4B122E0030AE83 /* Debug */,
				0FA2AEAD2D4B122E0030AE83 /* Release */,
			);
			defaultConfigurationIsVisible = 0;
			defaultConfigurationName = Release;
		};
/* End XCConfigurationList section */

/* Begin XCRemoteSwiftPackageReference section */
		0F95E5C62D50540E00CFC294 /* XCRemoteSwiftPackageReference "ios-places-sdk" */ = {
			isa = XCRemoteSwiftPackageReference;
			repositoryURL = "https://github.com/googlemaps/ios-places-sdk";
			requirement = {
				kind = upToNextMajorVersion;
				minimumVersion = 9.3.0;
			};
		};
		0FDC23842D58727200CB988D /* XCRemoteSwiftPackageReference "Swift-JWT" */ = {
			isa = XCRemoteSwiftPackageReference;
			repositoryURL = "https://github.com/Kitura/Swift-JWT.git";
			requirement = {
				kind = upToNextMajorVersion;
				minimumVersion = 4.0.2;
			};
		};
		0FECB1A22D73AF0D00E30333 /* XCRemoteSwiftPackageReference "firebase-ios-sdk" */ = {
			isa = XCRemoteSwiftPackageReference;
			repositoryURL = "https://github.com/firebase/firebase-ios-sdk";
			requirement = {
				kind = upToNextMajorVersion;
				minimumVersion = 11.9.0;
			};
		};
/* End XCRemoteSwiftPackageReference section */

/* Begin XCSwiftPackageProductDependency section */
		0F3581E42D50596300574AE0 /* GooglePlaces */ = {
			isa = XCSwiftPackageProductDependency;
			package = 0F95E5C62D50540E00CFC294 /* XCRemoteSwiftPackageReference "ios-places-sdk" */;
			productName = GooglePlaces;
		};
		0F3581E62D50596300574AE0 /* GooglePlacesSwift */ = {
			isa = XCSwiftPackageProductDependency;
			package = 0F95E5C62D50540E00CFC294 /* XCRemoteSwiftPackageReference "ios-places-sdk" */;
			productName = GooglePlacesSwift;
		};
		0FDC23852D58727200CB988D /* SwiftJWT */ = {
			isa = XCSwiftPackageProductDependency;
			package = 0FDC23842D58727200CB988D /* XCRemoteSwiftPackageReference "Swift-JWT" */;
			productName = SwiftJWT;
		};
		0FECB1A32D73AF0D00E30333 /* FirebaseAnalytics */ = {
			isa = XCSwiftPackageProductDependency;
			package = 0FECB1A22D73AF0D00E30333 /* XCRemoteSwiftPackageReference "firebase-ios-sdk" */;
			productName = FirebaseAnalytics;
		};
		0FECB1A52D73AF0D00E30333 /* FirebaseAnalyticsOnDeviceConversion */ = {
			isa = XCSwiftPackageProductDependency;
			package = 0FECB1A22D73AF0D00E30333 /* XCRemoteSwiftPackageReference "firebase-ios-sdk" */;
			productName = FirebaseAnalyticsOnDeviceConversion;
		};
		0FECB1A72D73AF0D00E30333 /* FirebaseAnalyticsWithoutAdIdSupport */ = {
			isa = XCSwiftPackageProductDependency;
			package = 0FECB1A22D73AF0D00E30333 /* XCRemoteSwiftPackageReference "firebase-ios-sdk" */;
			productName = FirebaseAnalyticsWithoutAdIdSupport;
		};
		0FECB1A92D73AF0D00E30333 /* FirebaseAppCheck */ = {
			isa = XCSwiftPackageProductDependency;
			package = 0FECB1A22D73AF0D00E30333 /* XCRemoteSwiftPackageReference "firebase-ios-sdk" */;
			productName = FirebaseAppCheck;
		};
		0FECB1AB2D73AF0D00E30333 /* FirebaseAppDistribution-Beta */ = {
			isa = XCSwiftPackageProductDependency;
			package = 0FECB1A22D73AF0D00E30333 /* XCRemoteSwiftPackageReference "firebase-ios-sdk" */;
			productName = "FirebaseAppDistribution-Beta";
		};
		0FECB1AD2D73AF0D00E30333 /* FirebaseAuth */ = {
			isa = XCSwiftPackageProductDependency;
			package = 0FECB1A22D73AF0D00E30333 /* XCRemoteSwiftPackageReference "firebase-ios-sdk" */;
			productName = FirebaseAuth;
		};
		0FECB1AF2D73AF0D00E30333 /* FirebaseAuthCombine-Community */ = {
			isa = XCSwiftPackageProductDependency;
			package = 0FECB1A22D73AF0D00E30333 /* XCRemoteSwiftPackageReference "firebase-ios-sdk" */;
			productName = "FirebaseAuthCombine-Community";
		};
		0FECB1B12D73AF0D00E30333 /* FirebaseCore */ = {
			isa = XCSwiftPackageProductDependency;
			package = 0FECB1A22D73AF0D00E30333 /* XCRemoteSwiftPackageReference "firebase-ios-sdk" */;
			productName = FirebaseCore;
		};
		0FECB1B32D73AF0D00E30333 /* FirebaseCrashlytics */ = {
			isa = XCSwiftPackageProductDependency;
			package = 0FECB1A22D73AF0D00E30333 /* XCRemoteSwiftPackageReference "firebase-ios-sdk" */;
			productName = FirebaseCrashlytics;
		};
		0FECB1B52D73AF0D00E30333 /* FirebaseDatabase */ = {
			isa = XCSwiftPackageProductDependency;
			package = 0FECB1A22D73AF0D00E30333 /* XCRemoteSwiftPackageReference "firebase-ios-sdk" */;
			productName = FirebaseDatabase;
		};
		0FECB1B72D73AF0D00E30333 /* FirebaseDynamicLinks */ = {
			isa = XCSwiftPackageProductDependency;
			package = 0FECB1A22D73AF0D00E30333 /* XCRemoteSwiftPackageReference "firebase-ios-sdk" */;
			productName = FirebaseDynamicLinks;
		};
		0FECB1B92D73AF0D00E30333 /* FirebaseFirestore */ = {
			isa = XCSwiftPackageProductDependency;
			package = 0FECB1A22D73AF0D00E30333 /* XCRemoteSwiftPackageReference "firebase-ios-sdk" */;
			productName = FirebaseFirestore;
		};
		0FECB1BB2D73AF0D00E30333 /* FirebaseFirestoreCombine-Community */ = {
			isa = XCSwiftPackageProductDependency;
			package = 0FECB1A22D73AF0D00E30333 /* XCRemoteSwiftPackageReference "firebase-ios-sdk" */;
			productName = "FirebaseFirestoreCombine-Community";
		};
		0FECB1BD2D73AF0D00E30333 /* FirebaseFunctions */ = {
			isa = XCSwiftPackageProductDependency;
			package = 0FECB1A22D73AF0D00E30333 /* XCRemoteSwiftPackageReference "firebase-ios-sdk" */;
			productName = FirebaseFunctions;
		};
		0FECB1BF2D73AF0D00E30333 /* FirebaseFunctionsCombine-Community */ = {
			isa = XCSwiftPackageProductDependency;
			package = 0FECB1A22D73AF0D00E30333 /* XCRemoteSwiftPackageReference "firebase-ios-sdk" */;
			productName = "FirebaseFunctionsCombine-Community";
		};
		0FECB1C12D73AF0D00E30333 /* FirebaseInAppMessaging-Beta */ = {
			isa = XCSwiftPackageProductDependency;
			package = 0FECB1A22D73AF0D00E30333 /* XCRemoteSwiftPackageReference "firebase-ios-sdk" */;
			productName = "FirebaseInAppMessaging-Beta";
		};
		0FECB1C32D73AF0D00E30333 /* FirebaseInstallations */ = {
			isa = XCSwiftPackageProductDependency;
			package = 0FECB1A22D73AF0D00E30333 /* XCRemoteSwiftPackageReference "firebase-ios-sdk" */;
			productName = FirebaseInstallations;
		};
		0FECB1C52D73AF0D00E30333 /* FirebaseMLModelDownloader */ = {
			isa = XCSwiftPackageProductDependency;
			package = 0FECB1A22D73AF0D00E30333 /* XCRemoteSwiftPackageReference "firebase-ios-sdk" */;
			productName = FirebaseMLModelDownloader;
		};
		0FECB1C72D73AF0D00E30333 /* FirebaseMessaging */ = {
			isa = XCSwiftPackageProductDependency;
			package = 0FECB1A22D73AF0D00E30333 /* XCRemoteSwiftPackageReference "firebase-ios-sdk" */;
			productName = FirebaseMessaging;
		};
		0FECB1C92D73AF0D00E30333 /* FirebasePerformance */ = {
			isa = XCSwiftPackageProductDependency;
			package = 0FECB1A22D73AF0D00E30333 /* XCRemoteSwiftPackageReference "firebase-ios-sdk" */;
			productName = FirebasePerformance;
		};
		0FECB1CB2D73AF0D00E30333 /* FirebaseRemoteConfig */ = {
			isa = XCSwiftPackageProductDependency;
			package = 0FECB1A22D73AF0D00E30333 /* XCRemoteSwiftPackageReference "firebase-ios-sdk" */;
			productName = FirebaseRemoteConfig;
		};
		0FECB1CD2D73AF0D00E30333 /* FirebaseStorage */ = {
			isa = XCSwiftPackageProductDependency;
			package = 0FECB1A22D73AF0D00E30333 /* XCRemoteSwiftPackageReference "firebase-ios-sdk" */;
			productName = FirebaseStorage;
		};
		0FECB1CF2D73AF0D00E30333 /* FirebaseStorageCombine-Community */ = {
			isa = XCSwiftPackageProductDependency;
			package = 0FECB1A22D73AF0D00E30333 /* XCRemoteSwiftPackageReference "firebase-ios-sdk" */;
			productName = "FirebaseStorageCombine-Community";
		};
		0FECB1D12D73AF0D00E30333 /* FirebaseVertexAI */ = {
			isa = XCSwiftPackageProductDependency;
			package = 0FECB1A22D73AF0D00E30333 /* XCRemoteSwiftPackageReference "firebase-ios-sdk" */;
			productName = FirebaseVertexAI;
		};
/* End XCSwiftPackageProductDependency section */
	};
	rootObject = 0FA2AE742D4B122D0030AE83 /* Project object */;
}
